
Microsoft Visual Studio Solution File, Format Version 12.00
# Visual Studio Version 17
VisualStudioVersion = 17.7.34009.444
MinimumVisualStudioVersion = 10.0.40219.1
Project("{FAE04EC0-301F-11D3-BF4B-00C04F79EFBC}") = "BankSystem", "BankSystem\BankSystem.csproj", "{BC9809C1-C099-4420-8720-FAC6BA2D95BF}"
EndProject
Global
	GlobalSection(SolutionConfigurationPlatforms) = preSolution
		Debug|Any CPU = Debug|Any CPU
		Release|Any CPU = Release|Any CPU
	EndGlobalSection
	GlobalSection(ProjectConfigurationPlatforms) = postSolution
		{BC9809C1-C099-4420-8720-FAC6BA2D95BF}.Debug|Any CPU.ActiveCfg = Debug|Any CPU
		{BC9809C1-C099-4420-8720-FAC6BA2D95BF}.Debug|Any CPU.Build.0 = Debug|Any CPU
		{BC9809C1-C099-4420-8720-FAC6BA2D95BF}.Release|Any CPU.ActiveCfg = Release|Any CPU
		{BC9809C1-C099-4420-8720-FAC6BA2D95BF}.Release|Any CPU.Build.0 = Release|Any CPU
	EndGlobalSection
	GlobalSection(SolutionProperties) = preSolution
		HideSolutionNode = FALSE
	EndGlobalSection
	GlobalSection(ExtensibilityGlobals) = postSolution
		SolutionGuid = {FE1730F9-3F08-45E5-9C47-2B4716A569C1}
	EndGlobalSection
EndGlobal
